
Microsoft Visual Studio Solution File, Format Version 12.00
# Visual Studio Version 17
VisualStudioVersion = 17.10.34928.147
MinimumVisualStudioVersion = 10.0.40219.1
Project("{FAE04EC0-301F-11D3-BF4B-00C04F79EFBC}") = "TaskApp", "TaskApp.csproj", "{449F5719-5379-456E-B6AA-6E6CCD0FEBDE}"
EndProject
Project("{FAE04EC0-301F-11D3-BF4B-00C04F79EFBC}") = "TaskAppAPI", "..\TaskAppAPI\TaskAppAPI.csproj", "{430A4E35-8495-4F03-9C7F-72D4ABE889BB}"
EndProject
Project("{FAE04EC0-301F-11D3-BF4B-00C04F79EFBC}") = "TaskApp.Model", "..\TaskApp.Model\TaskApp.Model.csproj", "{5B57759F-D74A-4A71-8E85-062D80832493}"
EndProject
Global
	GlobalSection(SolutionConfigurationPlatforms) = preSolution
		Debug|Any CPU = Debug|Any CPU
		Release|Any CPU = Release|Any CPU
	EndGlobalSection
	GlobalSection(ProjectConfigurationPlatforms) = postSolution
		{449F5719-5379-456E-B6AA-6E6CCD0FEBDE}.Debug|Any CPU.ActiveCfg = Debug|Any CPU
		{449F5719-5379-456E-B6AA-6E6CCD0FEBDE}.Debug|Any CPU.Build.0 = Debug|Any CPU
		{449F5719-5379-456E-B6AA-6E6CCD0FEBDE}.Debug|Any CPU.Deploy.0 = Debug|Any CPU
		{449F5719-5379-456E-B6AA-6E6CCD0FEBDE}.Release|Any CPU.ActiveCfg = Release|Any CPU
		{449F5719-5379-456E-B6AA-6E6CCD0FEBDE}.Release|Any CPU.Build.0 = Release|Any CPU
		{449F5719-5379-456E-B6AA-6E6CCD0FEBDE}.Release|Any CPU.Deploy.0 = Release|Any CPU
		{430A4E35-8495-4F03-9C7F-72D4ABE889BB}.Debug|Any CPU.ActiveCfg = Debug|Any CPU
		{430A4E35-8495-4F03-9C7F-72D4ABE889BB}.Debug|Any CPU.Build.0 = Debug|Any CPU
		{430A4E35-8495-4F03-9C7F-72D4ABE889BB}.Release|Any CPU.ActiveCfg = Release|Any CPU
		{430A4E35-8495-4F03-9C7F-72D4ABE889BB}.Release|Any CPU.Build.0 = Release|Any CPU
		{5B57759F-D74A-4A71-8E85-062D80832493}.Debug|Any CPU.ActiveCfg = Debug|Any CPU
		{5B57759F-D74A-4A71-8E85-062D80832493}.Debug|Any CPU.Build.0 = Debug|Any CPU
		{5B57759F-D74A-4A71-8E85-062D80832493}.Release|Any CPU.ActiveCfg = Release|Any CPU
		{5B57759F-D74A-4A71-8E85-062D80832493}.Release|Any CPU.Build.0 = Release|Any CPU
	EndGlobalSection
	GlobalSection(SolutionProperties) = preSolution
		HideSolutionNode = FALSE
	EndGlobalSection
	GlobalSection(ExtensibilityGlobals) = postSolution
		SolutionGuid = {9537CD3D-E774-4B32-BD86-1BE7470F280D}
	EndGlobalSection
EndGlobal
